Microsoft Visual Studio Solution File, Format Version 12.00
# Visual Studio Version 17
VisualStudioVersion = 17.0.31903.59
MinimumVisualStudioVersion = 10.0.40219.1
Project("{FAE04EC0-301F-11D3-BF4B-00C04F79EFBC}") = "Devices.Common", "Devices.Common\Devices.Common.csproj", "{C9575042-B3EB-492A-9A15-DD91DD35B564}"
EndProject
Project("{FAE04EC0-301F-11D3-BF4B-00C04F79EFBC}") = "Devices.Common.Solutions", "Devices.Common.Solutions\Devices.Common.Solutions.csproj", "{B61D87C5-372C-439B-846B-F65F5EB5AA76}"
EndProject
Project("{FAE04EC0-301F-11D3-BF4B-00C04F79EFBC}") = "Devices.Service", "Devices.Service\Devices.Service.csproj", "{5A45BCF0-4CB4-4B64-8976-6904D847BEF0}"
EndProject
Project("{FAE04EC0-301F-11D3-BF4B-00C04F79EFBC}") = "Devices.Service.Solutions", "Devices.Service.Solutions\Devices.Service.Solutions.csproj", "{F5148050-5385-4ED2-8468-27129413D832}"
EndProject
Project("{FAE04EC0-301F-11D3-BF4B-00C04F79EFBC}") = "Devices.Web", "Devices.Web\Devices.Web.csproj", "{859065E8-369C-4209-BD51-3C3A7AC558FB}"
EndProject
Project("{FAE04EC0-301F-11D3-BF4B-00C04F79EFBC}") = "Devices.Web.Solutions", "Devices.Web.Solutions\Devices.Web.Solutions.csproj", "{249BFDC1-BB8F-40D6-870A-FB09FF730A89}"
EndProject
Project("{FAE04EC0-301F-11D3-BF4B-00C04F79EFBC}") = "Devices.Host", "Devices.Host\Devices.Host.csproj", "{B57B6CEA-D550-49FB-AE94-83386C9F949B}"
EndProject
Project("{FAE04EC0-301F-11D3-BF4B-00C04F79EFBC}") = "Devices.Client", "Devices.Client\Devices.Client.csproj", "{9E9CE75A-0591-4A8B-8E32-A10977DEC2AF}"
EndProject
Project("{FAE04EC0-301F-11D3-BF4B-00C04F79EFBC}") = "Devices.Client.Solutions", "Devices.Client.Solutions\Devices.Client.Solutions.csproj", "{7BE3FB75-7D14-4A66-BB0F-F8240E41D1FD}"
EndProject
Global
	GlobalSection(SolutionConfigurationPlatforms) = preSolution
		Debug|Any CPU = Debug|Any CPU
		Release|Any CPU = Release|Any CPU
	EndGlobalSection
	GlobalSection(SolutionProperties) = preSolution
		HideSolutionNode = FALSE
	EndGlobalSection
	GlobalSection(ProjectConfigurationPlatforms) = postSolution
		{C9575042-B3EB-492A-9A15-DD91DD35B564}.Debug|Any CPU.ActiveCfg = Debug|Any CPU
		{C9575042-B3EB-492A-9A15-DD91DD35B564}.Debug|Any CPU.Build.0 = Debug|Any CPU
		{C9575042-B3EB-492A-9A15-DD91DD35B564}.Release|Any CPU.ActiveCfg = Release|Any CPU
		{C9575042-B3EB-492A-9A15-DD91DD35B564}.Release|Any CPU.Build.0 = Release|Any CPU
		{B61D87C5-372C-439B-846B-F65F5EB5AA76}.Debug|Any CPU.ActiveCfg = Debug|Any CPU
		{B61D87C5-372C-439B-846B-F65F5EB5AA76}.Debug|Any CPU.Build.0 = Debug|Any CPU
		{B61D87C5-372C-439B-846B-F65F5EB5AA76}.Release|Any CPU.ActiveCfg = Release|Any CPU
		{B61D87C5-372C-439B-846B-F65F5EB5AA76}.Release|Any CPU.Build.0 = Release|Any CPU
		{5A45BCF0-4CB4-4B64-8976-6904D847BEF0}.Debug|Any CPU.ActiveCfg = Debug|Any CPU
		{5A45BCF0-4CB4-4B64-8976-6904D847BEF0}.Debug|Any CPU.Build.0 = Debug|Any CPU
		{5A45BCF0-4CB4-4B64-8976-6904D847BEF0}.Release|Any CPU.ActiveCfg = Release|Any CPU
		{5A45BCF0-4CB4-4B64-8976-6904D847BEF0}.Release|Any CPU.Build.0 = Release|Any CPU
		{F5148050-5385-4ED2-8468-27129413D832}.Debug|Any CPU.ActiveCfg = Debug|Any CPU
		{F5148050-5385-4ED2-8468-27129413D832}.Debug|Any CPU.Build.0 = Debug|Any CPU
		{F5148050-5385-4ED2-8468-27129413D832}.Release|Any CPU.ActiveCfg = Release|Any CPU
		{F5148050-5385-4ED2-8468-27129413D832}.Release|Any CPU.Build.0 = Release|Any CPU
		{859065E8-369C-4209-BD51-3C3A7AC558FB}.Debug|Any CPU.ActiveCfg = Debug|Any CPU
		{859065E8-369C-4209-BD51-3C3A7AC558FB}.Debug|Any CPU.Build.0 = Debug|Any CPU
		{859065E8-369C-4209-BD51-3C3A7AC558FB}.Release|Any CPU.ActiveCfg = Release|Any CPU
		{859065E8-369C-4209-BD51-3C3A7AC558FB}.Release|Any CPU.Build.0 = Release|Any CPU
		{249BFDC1-BB8F-40D6-870A-FB09FF730A89}.Debug|Any CPU.ActiveCfg = Debug|Any CPU
		{249BFDC1-BB8F-40D6-870A-FB09FF730A89}.Debug|Any CPU.Build.0 = Debug|Any CPU
		{249BFDC1-BB8F-40D6-870A-FB09FF730A89}.Release|Any CPU.ActiveCfg = Release|Any CPU
		{249BFDC1-BB8F-40D6-870A-FB09FF730A89}.Release|Any CPU.Build.0 = Release|Any CPU
		{B57B6CEA-D550-49FB-AE94-83386C9F949B}.Debug|Any CPU.ActiveCfg = Debug|Any CPU
		{B57B6CEA-D550-49FB-AE94-83386C9F949B}.Debug|Any CPU.Build.0 = Debug|Any CPU
		{B57B6CEA-D550-49FB-AE94-83386C9F949B}.Release|Any CPU.ActiveCfg = Release|Any CPU
		{B57B6CEA-D550-49FB-AE94-83386C9F949B}.Release|Any CPU.Build.0 = Release|Any CPU
		{9E9CE75A-0591-4A8B-8E32-A10977DEC2AF}.Debug|Any CPU.ActiveCfg = Debug|Any CPU
		{9E9CE75A-0591-4A8B-8E32-A10977DEC2AF}.Debug|Any CPU.Build.0 = Debug|Any CPU
		{9E9CE75A-0591-4A8B-8E32-A10977DEC2AF}.Release|Any CPU.ActiveCfg = Release|Any CPU
		{9E9CE75A-0591-4A8B-8E32-A10977DEC2AF}.Release|Any CPU.Build.0 = Release|Any CPU
		{7BE3FB75-7D14-4A66-BB0F-F8240E41D1FD}.Debug|Any CPU.ActiveCfg = Debug|Any CPU
		{7BE3FB75-7D14-4A66-BB0F-F8240E41D1FD}.Debug|Any CPU.Build.0 = Debug|Any CPU
		{7BE3FB75-7D14-4A66-BB0F-F8240E41D1FD}.Release|Any CPU.ActiveCfg = Release|Any CPU
		{7BE3FB75-7D14-4A66-BB0F-F8240E41D1FD}.Release|Any CPU.Build.0 = Release|Any CPU
	EndGlobalSection
EndGlobal